
Microsoft Visual Studio Solution File, Format Version 12.00
# Visual Studio 15
VisualStudioVersion = 15.0.28010.2003
MinimumVisualStudioVersion = 10.0.40219.1
Project("{FAE04EC0-301F-11D3-BF4B-00C04F79EFBC}") = "Inheritance Diagram", "Inheritance Diagram\Inheritance Diagram.csproj", "{C23A505E-67D1-4B6A-824D-7A07C9312B86}"
EndProject
Global
	GlobalSection(SolutionConfigurationPlatforms) = preSolution
		Debug|Any CPU = Debug|Any CPU
		Release|Any CPU = Release|Any CPU
	EndGlobalSection
	GlobalSection(ProjectConfigurationPlatforms) = postSolution
		{C23A505E-67D1-4B6A-824D-7A07C9312B86}.Debug|Any CPU.ActiveCfg = Debug|Any CPU
		{C23A505E-67D1-4B6A-824D-7A07C9312B86}.Debug|Any CPU.Build.0 = Debug|Any CPU
		{C23A505E-67D1-4B6A-824D-7A07C9312B86}.Release|Any CPU.ActiveCfg = Release|Any CPU
		{C23A505E-67D1-4B6A-824D-7A07C9312B86}.Release|Any CPU.Build.0 = Release|Any CPU
	EndGlobalSection
	GlobalSection(SolutionProperties) = preSolution
		HideSolutionNode = FALSE
	EndGlobalSection
	GlobalSection(ExtensibilityGlobals) = postSolution
		SolutionGuid = {B28677F5-0557-48A4-A1DB-5C6640FD466E}
	EndGlobalSection
EndGlobal
