
Microsoft Visual Studio Solution File, Format Version 12.00
# Visual Studio 15
VisualStudioVersion = 15.0.28010.2003
MinimumVisualStudioVersion = 10.0.40219.1
Project("{FAE04EC0-301F-11D3-BF4B-00C04F79EFBC}") = "LINQ", "LINQ\LINQ.csproj", "{98E97ECB-9B11-4F69-9D9E-E9BAC6DFCF9C}"
EndProject
Global
	GlobalSection(SolutionConfigurationPlatforms) = preSolution
		Debug|Any CPU = Debug|Any CPU
		Release|Any CPU = Release|Any CPU
	EndGlobalSection
	GlobalSection(ProjectConfigurationPlatforms) = postSolution
		{98E97ECB-9B11-4F69-9D9E-E9BAC6DFCF9C}.Debug|Any CPU.ActiveCfg = Debug|Any CPU
		{98E97ECB-9B11-4F69-9D9E-E9BAC6DFCF9C}.Debug|Any CPU.Build.0 = Debug|Any CPU
		{98E97ECB-9B11-4F69-9D9E-E9BAC6DFCF9C}.Release|Any CPU.ActiveCfg = Release|Any CPU
		{98E97ECB-9B11-4F69-9D9E-E9BAC6DFCF9C}.Release|Any CPU.Build.0 = Release|Any CPU
	EndGlobalSection
	GlobalSection(SolutionProperties) = preSolution
		HideSolutionNode = FALSE
	EndGlobalSection
	GlobalSection(ExtensibilityGlobals) = postSolution
		SolutionGuid = {CA312147-09F4-4139-89B3-96AE9F96A198}
	EndGlobalSection
EndGlobal
