
Microsoft Visual Studio Solution File, Format Version 12.00
# Visual Studio 15
VisualStudioVersion = 15.0.28010.2003
MinimumVisualStudioVersion = 10.0.40219.1
Project("{FAE04EC0-301F-11D3-BF4B-00C04F79EFBC}") = "EGresham_hangman", "EGresham_hangman\EGresham_hangman.csproj", "{F12E2DAE-E312-4D17-930F-B7E5F24492FD}"
EndProject
Global
	GlobalSection(SolutionConfigurationPlatforms) = preSolution
		Debug|Any CPU = Debug|Any CPU
		Release|Any CPU = Release|Any CPU
	EndGlobalSection
	GlobalSection(ProjectConfigurationPlatforms) = postSolution
		{F12E2DAE-E312-4D17-930F-B7E5F24492FD}.Debug|Any CPU.ActiveCfg = Debug|Any CPU
		{F12E2DAE-E312-4D17-930F-B7E5F24492FD}.Debug|Any CPU.Build.0 = Debug|Any CPU
		{F12E2DAE-E312-4D17-930F-B7E5F24492FD}.Release|Any CPU.ActiveCfg = Release|Any CPU
		{F12E2DAE-E312-4D17-930F-B7E5F24492FD}.Release|Any CPU.Build.0 = Release|Any CPU
	EndGlobalSection
	GlobalSection(SolutionProperties) = preSolution
		HideSolutionNode = FALSE
	EndGlobalSection
	GlobalSection(ExtensibilityGlobals) = postSolution
		SolutionGuid = {A0D57D0E-E7B4-4BE7-A92C-CA172C09CAAB}
	EndGlobalSection
EndGlobal
