
Microsoft Visual Studio Solution File, Format Version 12.00
# Visual Studio 15
VisualStudioVersion = 15.0.28010.2003
MinimumVisualStudioVersion = 10.0.40219.1
Project("{FAE04EC0-301F-11D3-BF4B-00C04F79EFBC}") = "YEETEDMYSKEETED", "YEETEDMYSKEETED\YEETEDMYSKEETED.csproj", "{732BE89B-24BF-42C3-AFE2-A377764B87DA}"
EndProject
Global
	GlobalSection(SolutionConfigurationPlatforms) = preSolution
		Debug|Any CPU = Debug|Any CPU
		Release|Any CPU = Release|Any CPU
	EndGlobalSection
	GlobalSection(ProjectConfigurationPlatforms) = postSolution
		{732BE89B-24BF-42C3-AFE2-A377764B87DA}.Debug|Any CPU.ActiveCfg = Debug|Any CPU
		{732BE89B-24BF-42C3-AFE2-A377764B87DA}.Debug|Any CPU.Build.0 = Debug|Any CPU
		{732BE89B-24BF-42C3-AFE2-A377764B87DA}.Release|Any CPU.ActiveCfg = Release|Any CPU
		{732BE89B-24BF-42C3-AFE2-A377764B87DA}.Release|Any CPU.Build.0 = Release|Any CPU
	EndGlobalSection
	GlobalSection(SolutionProperties) = preSolution
		HideSolutionNode = FALSE
	EndGlobalSection
	GlobalSection(ExtensibilityGlobals) = postSolution
		SolutionGuid = {E8EC1F22-C6AF-4750-AC86-1447DC13D173}
	EndGlobalSection
EndGlobal
